// !$*UTF8*$!
{
	archiveVersion = 1;
	classes = {
	};
	objectVersion = 50;
	objects = {

/* Begin PBXBuildFile section */
		C50D53DE24A36A1B00ACE765 /* UIColor.swift in Sources */ = {isa = PBXBuildFile; fileRef = C50D53DD24A36A1B00ACE765 /* UIColor.swift */; };
		C50D53E324A36C5B00ACE765 /* AppConstant.swift in Sources */ = {isa = PBXBuildFile; fileRef = C50D53E224A36C5B00ACE765 /* AppConstant.swift */; };
		C50D53E724A3B79A00ACE765 /* GameCustomCell.swift in Sources */ = {isa = PBXBuildFile; fileRef = C50D53E524A3B79A00ACE765 /* GameCustomCell.swift */; };
		C50D53E824A3B79A00ACE765 /* GameCustomCell.xib in Resources */ = {isa = PBXBuildFile; fileRef = C50D53E624A3B79A00ACE765 /* GameCustomCell.xib */; };
		C50D53EA24A3BF3700ACE765 /* UILabel.swift in Sources */ = {isa = PBXBuildFile; fileRef = C50D53E924A3BF3700ACE765 /* UILabel.swift */; };
		C50D53EF24A3C70700ACE765 /* NetworkManager.swift in Sources */ = {isa = PBXBuildFile; fileRef = C50D53EE24A3C70700ACE765 /* NetworkManager.swift */; };
		C50D53F224A3CD1500ACE765 /* RequestModel.swift in Sources */ = {isa = PBXBuildFile; fileRef = C50D53F124A3CD1500ACE765 /* RequestModel.swift */; };
		C50D53F424A3CFA400ACE765 /* ResponseModel.swift in Sources */ = {isa = PBXBuildFile; fileRef = C50D53F324A3CFA400ACE765 /* ResponseModel.swift */; };
		C50D53F624A3D19300ACE765 /* ResultModel.swift in Sources */ = {isa = PBXBuildFile; fileRef = C50D53F524A3D19300ACE765 /* ResultModel.swift */; };
		C50D53F824A3D29B00ACE765 /* GenreModel.swift in Sources */ = {isa = PBXBuildFile; fileRef = C50D53F724A3D29B00ACE765 /* GenreModel.swift */; };
		C50D53FA24A3D43300ACE765 /* GameVM.swift in Sources */ = {isa = PBXBuildFile; fileRef = C50D53F924A3D43300ACE765 /* GameVM.swift */; };
		C50D53FC24A3E22200ACE765 /* ResultVM.swift in Sources */ = {isa = PBXBuildFile; fileRef = C50D53FB24A3E22200ACE765 /* ResultVM.swift */; };
		C50D53FE24A3E79100ACE765 /* GenreVM.swift in Sources */ = {isa = PBXBuildFile; fileRef = C50D53FD24A3E79100ACE765 /* GenreVM.swift */; };
		C50D540024A3F0CB00ACE765 /* UIImageView.swift in Sources */ = {isa = PBXBuildFile; fileRef = C50D53FF24A3F0CB00ACE765 /* UIImageView.swift */; };
		C50D540224A3F40F00ACE765 /* ActivityIndicator.swift in Sources */ = {isa = PBXBuildFile; fileRef = C50D540124A3F40F00ACE765 /* ActivityIndicator.swift */; };
		C514039D24A25CFD000F4A0E /* AppDelegate.swift in Sources */ = {isa = PBXBuildFile; fileRef = C514039C24A25CFD000F4A0E /* AppDelegate.swift */; };
		C51403A624A25CFE000F4A0E /* Assets.xcassets in Resources */ = {isa = PBXBuildFile; fileRef = C51403A524A25CFE000F4A0E /* Assets.xcassets */; };
		C51403B424A25CFE000F4A0E /* LSAssesmentTests.swift in Sources */ = {isa = PBXBuildFile; fileRef = C51403B324A25CFE000F4A0E /* LSAssesmentTests.swift */; };
		C51403C024A26109000F4A0E /* Application.swift in Sources */ = {isa = PBXBuildFile; fileRef = C51403BF24A26109000F4A0E /* Application.swift */; };
		C51403C224A2612B000F4A0E /* main.swift in Sources */ = {isa = PBXBuildFile; fileRef = C51403C124A2612B000F4A0E /* main.swift */; };
		C51403C824A2631B000F4A0E /* BaseVC.swift in Sources */ = {isa = PBXBuildFile; fileRef = C51403C724A2631B000F4A0E /* BaseVC.swift */; };
		C51403CA24A26587000F4A0E /* ControllerFactory.swift in Sources */ = {isa = PBXBuildFile; fileRef = C51403C924A26587000F4A0E /* ControllerFactory.swift */; };
		C51403CC24A265B8000F4A0E /* ControllerKeys.swift in Sources */ = {isa = PBXBuildFile; fileRef = C51403CB24A265B8000F4A0E /* ControllerKeys.swift */; };
		C51403CF24A265EF000F4A0E /* SplashVC.swift in Sources */ = {isa = PBXBuildFile; fileRef = C51403CD24A265EF000F4A0E /* SplashVC.swift */; };
		C51403D024A265EF000F4A0E /* SplashVC.xib in Resources */ = {isa = PBXBuildFile; fileRef = C51403CE24A265EF000F4A0E /* SplashVC.xib */; };
		C51403D524A26617000F4A0E /* MainVC.swift in Sources */ = {isa = PBXBuildFile; fileRef = C51403D324A26617000F4A0E /* MainVC.swift */; };
		C51403D624A26617000F4A0E /* MainVC.xib in Resources */ = {isa = PBXBuildFile; fileRef = C51403D424A26617000F4A0E /* MainVC.xib */; };
		C51403D824A2734D000F4A0E /* TabBarController.swift in Sources */ = {isa = PBXBuildFile; fileRef = C51403D724A2734D000F4A0E /* TabBarController.swift */; };
		C51403DE24A2753B000F4A0E /* FavouritesVC.swift in Sources */ = {isa = PBXBuildFile; fileRef = C51403DC24A2753B000F4A0E /* FavouritesVC.swift */; };
		C51403DF24A2753B000F4A0E /* FavouritesVC.xib in Resources */ = {isa = PBXBuildFile; fileRef = C51403DD24A2753B000F4A0E /* FavouritesVC.xib */; };
		C51403E224A276AF000F4A0E /* HelperFunctions.swift in Sources */ = {isa = PBXBuildFile; fileRef = C51403E124A276AF000F4A0E /* HelperFunctions.swift */; };
		C51403E524A27828000F4A0E /* UIViewController.swift in Sources */ = {isa = PBXBuildFile; fileRef = C51403E424A27828000F4A0E /* UIViewController.swift */; };
		C51403E724A27BD3000F4A0E /* NavigationManager.swift in Sources */ = {isa = PBXBuildFile; fileRef = C51403E624A27BD3000F4A0E /* NavigationManager.swift */; };
		C51403E924A283B8000F4A0E /* UINavigationController.swift in Sources */ = {isa = PBXBuildFile; fileRef = C51403E824A283B8000F4A0E /* UINavigationController.swift */; };
		C51403EB24A28A91000F4A0E /* Coordinator.swift in Sources */ = {isa = PBXBuildFile; fileRef = C51403EA24A28A91000F4A0E /* Coordinator.swift */; };
		C5B0C96F24A555AB004C7A18 /* DetailDescCell.swift in Sources */ = {isa = PBXBuildFile; fileRef = C5B0C96D24A555AB004C7A18 /* DetailDescCell.swift */; };
		C5B0C97024A555AB004C7A18 /* DetailDescCell.xib in Resources */ = {isa = PBXBuildFile; fileRef = C5B0C96E24A555AB004C7A18 /* DetailDescCell.xib */; };
		C5B0C97224A56240004C7A18 /* DetailModel.swift in Sources */ = {isa = PBXBuildFile; fileRef = C5B0C97124A56240004C7A18 /* DetailModel.swift */; };
		C5B0C97424A56553004C7A18 /* DetailVM.swift in Sources */ = {isa = PBXBuildFile; fileRef = C5B0C97324A56553004C7A18 /* DetailVM.swift */; };
		C5B0C97624A565CE004C7A18 /* BaseVM.swift in Sources */ = {isa = PBXBuildFile; fileRef = C5B0C97524A565CE004C7A18 /* BaseVM.swift */; };
		C5C80F1F24A53915001CCA19 /* DataManager.swift in Sources */ = {isa = PBXBuildFile; fileRef = C5C80F1E24A53915001CCA19 /* DataManager.swift */; };
		C5F2A36724A2A9D80056D1EA /* DetailScreenVC.swift in Sources */ = {isa = PBXBuildFile; fileRef = C5F2A36524A2A9D80056D1EA /* DetailScreenVC.swift */; };
		C5F2A36824A2A9D80056D1EA /* DetailScreenVC.xib in Resources */ = {isa = PBXBuildFile; fileRef = C5F2A36624A2A9D80056D1EA /* DetailScreenVC.xib */; };
/* End PBXBuildFile section */

/* Begin PBXContainerItemProxy section */
		C51403B024A25CFE000F4A0E /* PBXContainerItemProxy */ = {
			isa = PBXContainerItemProxy;
			containerPortal = C514039124A25CFC000F4A0E /* Project object */;
			proxyType = 1;
			remoteGlobalIDString = C514039824A25CFC000F4A0E;
			remoteInfo = LSAssesment;
		};
/* End PBXContainerItemProxy section */

/* Begin PBXFileReference section */
		C50D53DD24A36A1B00ACE765 /* UIColor.swift */ = {isa = PBXFileReference; lastKnownFileType = sourcecode.swift; path = UIColor.swift; sourceTree = "<group>"; };
		C50D53E224A36C5B00ACE765 /* AppConstant.swift */ = {isa = PBXFileReference; lastKnownFileType = sourcecode.swift; path = AppConstant.swift; sourceTree = "<group>"; };
		C50D53E524A3B79A00ACE765 /* GameCustomCell.swift */ = {isa = PBXFileReference; lastKnownFileType = sourcecode.swift; path = GameCustomCell.swift; sourceTree = "<group>"; };
		C50D53E624A3B79A00ACE765 /* GameCustomCell.xib */ = {isa = PBXFileReference; lastKnownFileType = file.xib; path = GameCustomCell.xib; sourceTree = "<group>"; };
		C50D53E924A3BF3700ACE765 /* UILabel.swift */ = {isa = PBXFileReference; lastKnownFileType = sourcecode.swift; path = UILabel.swift; sourceTree = "<group>"; };
		C50D53EE24A3C70700ACE765 /* NetworkManager.swift */ = {isa = PBXFileReference; lastKnownFileType = sourcecode.swift; path = NetworkManager.swift; sourceTree = "<group>"; };
		C50D53F124A3CD1500ACE765 /* RequestModel.swift */ = {isa = PBXFileReference; lastKnownFileType = sourcecode.swift; path = RequestModel.swift; sourceTree = "<group>"; };
		C50D53F324A3CFA400ACE765 /* ResponseModel.swift */ = {isa = PBXFileReference; lastKnownFileType = sourcecode.swift; path = ResponseModel.swift; sourceTree = "<group>"; };
		C50D53F524A3D19300ACE765 /* ResultModel.swift */ = {isa = PBXFileReference; lastKnownFileType = sourcecode.swift; path = ResultModel.swift; sourceTree = "<group>"; };
		C50D53F724A3D29B00ACE765 /* GenreModel.swift */ = {isa = PBXFileReference; lastKnownFileType = sourcecode.swift; path = GenreModel.swift; sourceTree = "<group>"; };
		C50D53F924A3D43300ACE765 /* GameVM.swift */ = {isa = PBXFileReference; lastKnownFileType = sourcecode.swift; path = GameVM.swift; sourceTree = "<group>"; };
		C50D53FB24A3E22200ACE765 /* ResultVM.swift */ = {isa = PBXFileReference; lastKnownFileType = sourcecode.swift; path = ResultVM.swift; sourceTree = "<group>"; };
		C50D53FD24A3E79100ACE765 /* GenreVM.swift */ = {isa = PBXFileReference; lastKnownFileType = sourcecode.swift; path = GenreVM.swift; sourceTree = "<group>"; };
		C50D53FF24A3F0CB00ACE765 /* UIImageView.swift */ = {isa = PBXFileReference; lastKnownFileType = sourcecode.swift; path = UIImageView.swift; sourceTree = "<group>"; };
		C50D540124A3F40F00ACE765 /* ActivityIndicator.swift */ = {isa = PBXFileReference; lastKnownFileType = sourcecode.swift; path = ActivityIndicator.swift; sourceTree = "<group>"; };
		C514039924A25CFD000F4A0E /* LSAssesment.app */ = {isa = PBXFileReference; explicitFileType = wrapper.application; includeInIndex = 0; path = LSAssesment.app; sourceTree = BUILT_PRODUCTS_DIR; };
		C514039C24A25CFD000F4A0E /* AppDelegate.swift */ = {isa = PBXFileReference; lastKnownFileType = sourcecode.swift; path = AppDelegate.swift; sourceTree = "<group>"; };
		C51403A524A25CFE000F4A0E /* Assets.xcassets */ = {isa = PBXFileReference; lastKnownFileType = folder.assetcatalog; path = Assets.xcassets; sourceTree = "<group>"; };
		C51403AA24A25CFE000F4A0E /* Info.plist */ = {isa = PBXFileReference; lastKnownFileType = text.plist.xml; path = Info.plist; sourceTree = "<group>"; };
		C51403AF24A25CFE000F4A0E /* LSAssesmentTests.xctest */ = {isa = PBXFileReference; explicitFileType = wrapper.cfbundle; includeInIndex = 0; path = LSAssesmentTests.xctest; sourceTree = BUILT_PRODUCTS_DIR; };
		C51403B324A25CFE000F4A0E /* LSAssesmentTests.swift */ = {isa = PBXFileReference; lastKnownFileType = sourcecode.swift; path = LSAssesmentTests.swift; sourceTree = "<group>"; };
		C51403B524A25CFE000F4A0E /* Info.plist */ = {isa = PBXFileReference; lastKnownFileType = text.plist.xml; path = Info.plist; sourceTree = "<group>"; };
		C51403BF24A26109000F4A0E /* Application.swift */ = {isa = PBXFileReference; lastKnownFileType = sourcecode.swift; path = Application.swift; sourceTree = "<group>"; };
		C51403C124A2612B000F4A0E /* main.swift */ = {isa = PBXFileReference; lastKnownFileType = sourcecode.swift; path = main.swift; sourceTree = "<group>"; };
		C51403C724A2631B000F4A0E /* BaseVC.swift */ = {isa = PBXFileReference; lastKnownFileType = sourcecode.swift; path = BaseVC.swift; sourceTree = "<group>"; };
		C51403C924A26587000F4A0E /* ControllerFactory.swift */ = {isa = PBXFileReference; lastKnownFileType = sourcecode.swift; path = ControllerFactory.swift; sourceTree = "<group>"; };
		C51403CB24A265B8000F4A0E /* ControllerKeys.swift */ = {isa = PBXFileReference; lastKnownFileType = sourcecode.swift; path = ControllerKeys.swift; sourceTree = "<group>"; };
		C51403CD24A265EF000F4A0E /* SplashVC.swift */ = {isa = PBXFileReference; lastKnownFileType = sourcecode.swift; path = SplashVC.swift; sourceTree = "<group>"; };
		C51403CE24A265EF000F4A0E /* SplashVC.xib */ = {isa = PBXFileReference; lastKnownFileType = file.xib; path = SplashVC.xib; sourceTree = "<group>"; };
		C51403D324A26617000F4A0E /* MainVC.swift */ = {isa = PBXFileReference; lastKnownFileType = sourcecode.swift; path = MainVC.swift; sourceTree = "<group>"; };
		C51403D424A26617000F4A0E /* MainVC.xib */ = {isa = PBXFileReference; lastKnownFileType = file.xib; path = MainVC.xib; sourceTree = "<group>"; };
		C51403D724A2734D000F4A0E /* TabBarController.swift */ = {isa = PBXFileReference; lastKnownFileType = sourcecode.swift; path = TabBarController.swift; sourceTree = "<group>"; };
		C51403DC24A2753B000F4A0E /* FavouritesVC.swift */ = {isa = PBXFileReference; lastKnownFileType = sourcecode.swift; path = FavouritesVC.swift; sourceTree = "<group>"; };
		C51403DD24A2753B000F4A0E /* FavouritesVC.xib */ = {isa = PBXFileReference; lastKnownFileType = file.xib; path = FavouritesVC.xib; sourceTree = "<group>"; };
		C51403E124A276AF000F4A0E /* HelperFunctions.swift */ = {isa = PBXFileReference; lastKnownFileType = sourcecode.swift; path = HelperFunctions.swift; sourceTree = "<group>"; };
		C51403E424A27828000F4A0E /* UIViewController.swift */ = {isa = PBXFileReference; lastKnownFileType = sourcecode.swift; path = UIViewController.swift; sourceTree = "<group>"; };
		C51403E624A27BD3000F4A0E /* NavigationManager.swift */ = {isa = PBXFileReference; lastKnownFileType = sourcecode.swift; path = NavigationManager.swift; sourceTree = "<group>"; };
		C51403E824A283B8000F4A0E /* UINavigationController.swift */ = {isa = PBXFileReference; lastKnownFileType = sourcecode.swift; path = UINavigationController.swift; sourceTree = "<group>"; };
		C51403EA24A28A91000F4A0E /* Coordinator.swift */ = {isa = PBXFileReference; lastKnownFileType = sourcecode.swift; path = Coordinator.swift; sourceTree = "<group>"; };
		C5B0C96D24A555AB004C7A18 /* DetailDescCell.swift */ = {isa = PBXFileReference; lastKnownFileType = sourcecode.swift; path = DetailDescCell.swift; sourceTree = "<group>"; };
		C5B0C96E24A555AB004C7A18 /* DetailDescCell.xib */ = {isa = PBXFileReference; lastKnownFileType = file.xib; path = DetailDescCell.xib; sourceTree = "<group>"; };
		C5B0C97124A56240004C7A18 /* DetailModel.swift */ = {isa = PBXFileReference; lastKnownFileType = sourcecode.swift; path = DetailModel.swift; sourceTree = "<group>"; };
		C5B0C97324A56553004C7A18 /* DetailVM.swift */ = {isa = PBXFileReference; lastKnownFileType = sourcecode.swift; path = DetailVM.swift; sourceTree = "<group>"; };
		C5B0C97524A565CE004C7A18 /* BaseVM.swift */ = {isa = PBXFileReference; lastKnownFileType = sourcecode.swift; path = BaseVM.swift; sourceTree = "<group>"; };
		C5C80F1E24A53915001CCA19 /* DataManager.swift */ = {isa = PBXFileReference; lastKnownFileType = sourcecode.swift; path = DataManager.swift; sourceTree = "<group>"; };
		C5F2A36524A2A9D80056D1EA /* DetailScreenVC.swift */ = {isa = PBXFileReference; lastKnownFileType = sourcecode.swift; path = DetailScreenVC.swift; sourceTree = "<group>"; };
		C5F2A36624A2A9D80056D1EA /* DetailScreenVC.xib */ = {isa = PBXFileReference; lastKnownFileType = file.xib; path = DetailScreenVC.xib; sourceTree = "<group>"; };
/* End PBXFileReference section */

/* Begin PBXFrameworksBuildPhase section */
		C514039624A25CFC000F4A0E /* Frameworks */ = {
			isa = PBXFrameworksBuildPhase;
			buildActionMask = 2147483647;
			files = (
			);
			runOnlyForDeploymentPostprocessing = 0;
		};
		C51403AC24A25CFE000F4A0E /* Frameworks */ = {
			isa = PBXFrameworksBuildPhase;
			buildActionMask = 2147483647;
			files = (
			);
			runOnlyForDeploymentPostprocessing = 0;
		};
/* End PBXFrameworksBuildPhase section */

/* Begin PBXGroup section */
		C50D53E024A36BD100ACE765 /* Navigation */ = {
			isa = PBXGroup;
			children = (
				C51403C924A26587000F4A0E /* ControllerFactory.swift */,
				C51403CB24A265B8000F4A0E /* ControllerKeys.swift */,
				C51403E624A27BD3000F4A0E /* NavigationManager.swift */,
				C51403EA24A28A91000F4A0E /* Coordinator.swift */,
			);
			path = Navigation;
			sourceTree = "<group>";
		};
		C50D53E424A3B76C00ACE765 /* View */ = {
			isa = PBXGroup;
			children = (
				C50D53E524A3B79A00ACE765 /* GameCustomCell.swift */,
				C50D53E624A3B79A00ACE765 /* GameCustomCell.xib */,
			);
			path = View;
			sourceTree = "<group>";
		};
		C50D53EC24A3C68900ACE765 /* ViewModel */ = {
			isa = PBXGroup;
			children = (
				C50D53F924A3D43300ACE765 /* GameVM.swift */,
				C50D53FB24A3E22200ACE765 /* ResultVM.swift */,
				C50D53FD24A3E79100ACE765 /* GenreVM.swift */,
			);
			path = ViewModel;
			sourceTree = "<group>";
		};
		C50D53ED24A3C69500ACE765 /* Model */ = {
			isa = PBXGroup;
			children = (
				C50D53F124A3CD1500ACE765 /* RequestModel.swift */,
				C50D53F324A3CFA400ACE765 /* ResponseModel.swift */,
				C50D53F524A3D19300ACE765 /* ResultModel.swift */,
				C50D53F724A3D29B00ACE765 /* GenreModel.swift */,
			);
			path = Model;
			sourceTree = "<group>";
		};
		C50D53F024A3C70B00ACE765 /* Network */ = {
			isa = PBXGroup;
			children = (
				C50D53EE24A3C70700ACE765 /* NetworkManager.swift */,
			);
			path = Network;
			sourceTree = "<group>";
		};
		C514039024A25CFC000F4A0E = {
			isa = PBXGroup;
			children = (
				C514039B24A25CFD000F4A0E /* LSAssesment */,
				C51403B224A25CFE000F4A0E /* LSAssesmentTests */,
				C514039A24A25CFD000F4A0E /* Products */,
			);
			sourceTree = "<group>";
		};
		C514039A24A25CFD000F4A0E /* Products */ = {
			isa = PBXGroup;
			children = (
				C514039924A25CFD000F4A0E /* LSAssesment.app */,
				C51403AF24A25CFE000F4A0E /* LSAssesmentTests.xctest */,
			);
			name = Products;
			sourceTree = "<group>";
		};
		C514039B24A25CFD000F4A0E /* LSAssesment */ = {
			isa = PBXGroup;
			children = (
				C51403A524A25CFE000F4A0E /* Assets.xcassets */,
				C51403BE24A260A6000F4A0E /* App */,
				C51403C424A2621B000F4A0E /* Core */,
				C51403C324A261FF000F4A0E /* Context */,
				C51403E024A2769A000F4A0E /* Utility */,
				C51403AA24A25CFE000F4A0E /* Info.plist */,
			);
			path = LSAssesment;
			sourceTree = "<group>";
		};
		C51403B224A25CFE000F4A0E /* LSAssesmentTests */ = {
			isa = PBXGroup;
			children = (
				C51403B324A25CFE000F4A0E /* LSAssesmentTests.swift */,
				C51403B524A25CFE000F4A0E /* Info.plist */,
			);
			path = LSAssesmentTests;
			sourceTree = "<group>";
		};
		C51403BE24A260A6000F4A0E /* App */ = {
			isa = PBXGroup;
			children = (
				C514039C24A25CFD000F4A0E /* AppDelegate.swift */,
				C51403BF24A26109000F4A0E /* Application.swift */,
				C50D53E224A36C5B00ACE765 /* AppConstant.swift */,
				C51403C124A2612B000F4A0E /* main.swift */,
			);
			path = App;
			sourceTree = "<group>";
		};
		C51403C324A261FF000F4A0E /* Context */ = {
			isa = PBXGroup;
			children = (
				C51403C624A26230000F4A0E /* Splash */,
				C51403C524A26222000F4A0E /* Main */,
				C51403DA24A2751B000F4A0E /* Favourites */,
				C5F2A36324A2A9AD0056D1EA /* DetailScreen */,
			);
			path = Context;
			sourceTree = "<group>";
		};
		C51403C424A2621B000F4A0E /* Core */ = {
			isa = PBXGroup;
			children = (
				C50D53F024A3C70B00ACE765 /* Network */,
				C50D53E024A36BD100ACE765 /* Navigation */,
				C51403EC24A293D3000F4A0E /* Controller */,
				C5B0C97524A565CE004C7A18 /* BaseVM.swift */,
			);
			path = Core;
			sourceTree = "<group>";
		};
		C51403C524A26222000F4A0E /* Main */ = {
			isa = PBXGroup;
			children = (
				C51403D224A26603000F4A0E /* Controller */,
				C50D53E424A3B76C00ACE765 /* View */,
				C50D53ED24A3C69500ACE765 /* Model */,
				C50D53EC24A3C68900ACE765 /* ViewModel */,
			);
			path = Main;
			sourceTree = "<group>";
		};
		C51403C624A26230000F4A0E /* Splash */ = {
			isa = PBXGroup;
			children = (
				C51403D124A265F3000F4A0E /* Controller */,
			);
			path = Splash;
			sourceTree = "<group>";
		};
		C51403D124A265F3000F4A0E /* Controller */ = {
			isa = PBXGroup;
			children = (
				C51403CD24A265EF000F4A0E /* SplashVC.swift */,
				C51403CE24A265EF000F4A0E /* SplashVC.xib */,
			);
			path = Controller;
			sourceTree = "<group>";
		};
		C51403D224A26603000F4A0E /* Controller */ = {
			isa = PBXGroup;
			children = (
				C51403D324A26617000F4A0E /* MainVC.swift */,
				C51403D424A26617000F4A0E /* MainVC.xib */,
			);
			path = Controller;
			sourceTree = "<group>";
		};
		C51403DA24A2751B000F4A0E /* Favourites */ = {
			isa = PBXGroup;
			children = (
				C51403DB24A27524000F4A0E /* Controller */,
				C5C80F1924A4EC5A001CCA19 /* ViewModel */,
			);
			path = Favourites;
			sourceTree = "<group>";
		};
		C51403DB24A27524000F4A0E /* Controller */ = {
			isa = PBXGroup;
			children = (
				C51403DC24A2753B000F4A0E /* FavouritesVC.swift */,
				C51403DD24A2753B000F4A0E /* FavouritesVC.xib */,
			);
			path = Controller;
			sourceTree = "<group>";
		};
		C51403E024A2769A000F4A0E /* Utility */ = {
			isa = PBXGroup;
			children = (
				C5C80F2024A5402F001CCA19 /* Helper-Manager */,
				C51403E324A27817000F4A0E /* Extension */,
			);
			path = Utility;
			sourceTree = "<group>";
		};
		C51403E324A27817000F4A0E /* Extension */ = {
			isa = PBXGroup;
			children = (
				C51403E424A27828000F4A0E /* UIViewController.swift */,
				C51403E824A283B8000F4A0E /* UINavigationController.swift */,
				C50D53DD24A36A1B00ACE765 /* UIColor.swift */,
				C50D53E924A3BF3700ACE765 /* UILabel.swift */,
				C50D53FF24A3F0CB00ACE765 /* UIImageView.swift */,
			);
			path = Extension;
			sourceTree = "<group>";
		};
		C51403EC24A293D3000F4A0E /* Controller */ = {
			isa = PBXGroup;
			children = (
				C51403C724A2631B000F4A0E /* BaseVC.swift */,
				C51403D724A2734D000F4A0E /* TabBarController.swift */,
			);
			path = Controller;
			sourceTree = "<group>";
		};
		C5C80F1924A4EC5A001CCA19 /* ViewModel */ = {
			isa = PBXGroup;
			children = (
			);
			path = ViewModel;
			sourceTree = "<group>";
		};
		C5B0C96A24A55574004C7A18 /* View */ = {
			isa = PBXGroup;
			children = (
				C5B0C96D24A555AB004C7A18 /* DetailDescCell.swift */,
				C5B0C96E24A555AB004C7A18 /* DetailDescCell.xib */,
			);
			path = View;
			sourceTree = "<group>";
		};
		C5B0C96B24A5557A004C7A18 /* ViewModel */ = {
			isa = PBXGroup;
			children = (
				C5B0C97324A56553004C7A18 /* DetailVM.swift */,
			);
			path = ViewModel;
			sourceTree = "<group>";
		};
		C5B0C96C24A55584004C7A18 /* Model */ = {
			isa = PBXGroup;
			children = (
				C5B0C97124A56240004C7A18 /* DetailModel.swift */,
			);
			path = Model;
			sourceTree = "<group>";
		};
		C5C80F2024A5402F001CCA19 /* Helper-Manager */ = {
			isa = PBXGroup;
			children = (
				C5C80F1E24A53915001CCA19 /* DataManager.swift */,
				C51403E124A276AF000F4A0E /* HelperFunctions.swift */,
				C50D540124A3F40F00ACE765 /* ActivityIndicator.swift */,
			);
			path = "Helper-Manager";
			sourceTree = "<group>";
		};
		C5F2A36324A2A9AD0056D1EA /* DetailScreen */ = {
			isa = PBXGroup;
			children = (
				C5F2A36424A2A9C00056D1EA /* Controller */,
				C5B0C96C24A55584004C7A18 /* Model */,
				C5B0C96B24A5557A004C7A18 /* ViewModel */,
				C5B0C96A24A55574004C7A18 /* View */,
			);
			path = DetailScreen;
			sourceTree = "<group>";
		};
		C5F2A36424A2A9C00056D1EA /* Controller */ = {
			isa = PBXGroup;
			children = (
				C5F2A36524A2A9D80056D1EA /* DetailScreenVC.swift */,
				C5F2A36624A2A9D80056D1EA /* DetailScreenVC.xib */,
			);
			path = Controller;
			sourceTree = "<group>";
		};
/* End PBXGroup section */

/* Begin PBXNativeTarget section */
		C514039824A25CFC000F4A0E /* LSAssesment */ = {
			isa = PBXNativeTarget;
			buildConfigurationList = C51403B824A25CFE000F4A0E /* Build configuration list for PBXNativeTarget "LSAssesment" */;
			buildPhases = (
				C514039524A25CFC000F4A0E /* Sources */,
				C514039624A25CFC000F4A0E /* Frameworks */,
				C514039724A25CFC000F4A0E /* Resources */,
			);
			buildRules = (
			);
			dependencies = (
			);
			name = LSAssesment;
			productName = LSAssesment;
			productReference = C514039924A25CFD000F4A0E /* LSAssesment.app */;
			productType = "com.apple.product-type.application";
		};
		C51403AE24A25CFE000F4A0E /* LSAssesmentTests */ = {
			isa = PBXNativeTarget;
			buildConfigurationList = C51403BB24A25CFE000F4A0E /* Build configuration list for PBXNativeTarget "LSAssesmentTests" */;
			buildPhases = (
				C51403AB24A25CFE000F4A0E /* Sources */,
				C51403AC24A25CFE000F4A0E /* Frameworks */,
				C51403AD24A25CFE000F4A0E /* Resources */,
			);
			buildRules = (
			);
			dependencies = (
				C51403B124A25CFE000F4A0E /* PBXTargetDependency */,
			);
			name = LSAssesmentTests;
			productName = LSAssesmentTests;
			productReference = C51403AF24A25CFE000F4A0E /* LSAssesmentTests.xctest */;
			productType = "com.apple.product-type.bundle.unit-test";
		};
/* End PBXNativeTarget section */

/* Begin PBXProject section */
		C514039124A25CFC000F4A0E /* Project object */ = {
			isa = PBXProject;
			attributes = {
				LastSwiftUpdateCheck = 1150;
				LastUpgradeCheck = 1150;
				ORGANIZATIONNAME = M.J;
				TargetAttributes = {
					C514039824A25CFC000F4A0E = {
						CreatedOnToolsVersion = 11.5;
					};
					C51403AE24A25CFE000F4A0E = {
						CreatedOnToolsVersion = 11.5;
						TestTargetID = C514039824A25CFC000F4A0E;
					};
				};
			};
			buildConfigurationList = C514039424A25CFC000F4A0E /* Build configuration list for PBXProject "LSAssesment" */;
			compatibilityVersion = "Xcode 9.3";
			developmentRegion = en;
			hasScannedForEncodings = 0;
			knownRegions = (
				en,
				Base,
			);
			mainGroup = C514039024A25CFC000F4A0E;
			productRefGroup = C514039A24A25CFD000F4A0E /* Products */;
			projectDirPath = "";
			projectRoot = "";
			targets = (
				C514039824A25CFC000F4A0E /* LSAssesment */,
				C51403AE24A25CFE000F4A0E /* LSAssesmentTests */,
			);
		};
/* End PBXProject section */

/* Begin PBXResourcesBuildPhase section */
		C514039724A25CFC000F4A0E /* Resources */ = {
			isa = PBXResourcesBuildPhase;
			buildActionMask = 2147483647;
			files = (
				C5B0C97024A555AB004C7A18 /* DetailDescCell.xib in Resources */,
				C50D53E824A3B79A00ACE765 /* GameCustomCell.xib in Resources */,
				C51403D624A26617000F4A0E /* MainVC.xib in Resources */,
				C51403A624A25CFE000F4A0E /* Assets.xcassets in Resources */,
				C51403DF24A2753B000F4A0E /* FavouritesVC.xib in Resources */,
				C51403D024A265EF000F4A0E /* SplashVC.xib in Resources */,
				C5F2A36824A2A9D80056D1EA /* DetailScreenVC.xib in Resources */,
			);
			runOnlyForDeploymentPostprocessing = 0;
		};
		C51403AD24A25CFE000F4A0E /* Resources */ = {
			isa = PBXResourcesBuildPhase;
			buildActionMask = 2147483647;
			files = (
			);
			runOnlyForDeploymentPostprocessing = 0;
		};
/* End PBXResourcesBuildPhase section */

/* Begin PBXSourcesBuildPhase section */
		C514039524A25CFC000F4A0E /* Sources */ = {
			isa = PBXSourcesBuildPhase;
			buildActionMask = 2147483647;
			files = (
				C50D53FE24A3E79100ACE765 /* GenreVM.swift in Sources */,
				C5B0C96F24A555AB004C7A18 /* DetailDescCell.swift in Sources */,
				C51403C024A26109000F4A0E /* Application.swift in Sources */,
				C50D53E724A3B79A00ACE765 /* GameCustomCell.swift in Sources */,
				C50D540024A3F0CB00ACE765 /* UIImageView.swift in Sources */,
				C5B0C97424A56553004C7A18 /* DetailVM.swift in Sources */,
				C51403CC24A265B8000F4A0E /* ControllerKeys.swift in Sources */,
				C50D53EF24A3C70700ACE765 /* NetworkManager.swift in Sources */,
				C50D53FA24A3D43300ACE765 /* GameVM.swift in Sources */,
				C51403EB24A28A91000F4A0E /* Coordinator.swift in Sources */,
				C5B0C97224A56240004C7A18 /* DetailModel.swift in Sources */,
				C51403E524A27828000F4A0E /* UIViewController.swift in Sources */,
				C51403C224A2612B000F4A0E /* main.swift in Sources */,
				C50D53F224A3CD1500ACE765 /* RequestModel.swift in Sources */,
				C51403D824A2734D000F4A0E /* TabBarController.swift in Sources */,
				C50D53DE24A36A1B00ACE765 /* UIColor.swift in Sources */,
				C51403CA24A26587000F4A0E /* ControllerFactory.swift in Sources */,
				C514039D24A25CFD000F4A0E /* AppDelegate.swift in Sources */,
				C50D53EA24A3BF3700ACE765 /* UILabel.swift in Sources */,
				C50D540224A3F40F00ACE765 /* ActivityIndicator.swift in Sources */,
				C5C80F1F24A53915001CCA19 /* DataManager.swift in Sources */,
				C50D53E324A36C5B00ACE765 /* AppConstant.swift in Sources */,
				C50D53F424A3CFA400ACE765 /* ResponseModel.swift in Sources */,
				C50D53FC24A3E22200ACE765 /* ResultVM.swift in Sources */,
				C51403DE24A2753B000F4A0E /* FavouritesVC.swift in Sources */,
				C51403D524A26617000F4A0E /* MainVC.swift in Sources */,
				C51403C824A2631B000F4A0E /* BaseVC.swift in Sources */,
				C5F2A36724A2A9D80056D1EA /* DetailScreenVC.swift in Sources */,
				C51403E224A276AF000F4A0E /* HelperFunctions.swift in Sources */,
				C50D53F624A3D19300ACE765 /* ResultModel.swift in Sources */,
				C50D53F824A3D29B00ACE765 /* GenreModel.swift in Sources */,
				C51403E724A27BD3000F4A0E /* NavigationManager.swift in Sources */,
				C51403CF24A265EF000F4A0E /* SplashVC.swift in Sources */,
				C51403E924A283B8000F4A0E /* UINavigationController.swift in Sources */,
				C5B0C97624A565CE004C7A18 /* BaseVM.swift in Sources */,
			);
			runOnlyForDeploymentPostprocessing = 0;
		};
		C51403AB24A25CFE000F4A0E /* Sources */ = {
			isa = PBXSourcesBuildPhase;
			buildActionMask = 2147483647;
			files = (
				C51403B424A25CFE000F4A0E /* LSAssesmentTests.swift in Sources */,
			);
			runOnlyForDeploymentPostprocessing = 0;
		};
/* End PBXSourcesBuildPhase section */

/* Begin PBXTargetDependency section */
		C51403B124A25CFE000F4A0E /* PBXTargetDependency */ = {
			isa = PBXTargetDependency;
			target = C514039824A25CFC000F4A0E /* LSAssesment */;
			targetProxy = C51403B024A25CFE000F4A0E /* PBXContainerItemProxy */;
		};
/* End PBXTargetDependency section */

/* Begin XCBuildConfiguration section */
		C51403B624A25CFE000F4A0E /* Debug */ = {
			isa = XCBuildConfiguration;
			buildSettings = {
				ALWAYS_SEARCH_USER_PATHS = NO;
				CLANG_ANALYZER_NONNULL = YES;
				CLANG_ANALYZER_NUMBER_OBJECT_CONVERSION = YES_AGGRESSIVE;
				CLANG_CXX_LANGUAGE_STANDARD = "gnu++14";
				CLANG_CXX_LIBRARY = "libc++";
				CLANG_ENABLE_MODULES = YES;
				CLANG_ENABLE_OBJC_ARC = YES;
				CLANG_ENABLE_OBJC_WEAK = YES;
				CLANG_WARN_BLOCK_CAPTURE_AUTORELEASING = YES;
				CLANG_WARN_BOOL_CONVERSION = YES;
				CLANG_WARN_COMMA = YES;
				CLANG_WARN_CONSTANT_CONVERSION = YES;
				CLANG_WARN_DEPRECATED_OBJC_IMPLEMENTATIONS = YES;
				CLANG_WARN_DIRECT_OBJC_ISA_USAGE = YES_ERROR;
				CLANG_WARN_DOCUMENTATION_COMMENTS = YES;
				CLANG_WARN_EMPTY_BODY = YES;
				CLANG_WARN_ENUM_CONVERSION = YES;
				CLANG_WARN_INFINITE_RECURSION = YES;
				CLANG_WARN_INT_CONVERSION = YES;
				CLANG_WARN_NON_LITERAL_NULL_CONVERSION = YES;
				CLANG_WARN_OBJC_IMPLICIT_RETAIN_SELF = YES;
				CLANG_WARN_OBJC_LITERAL_CONVERSION = YES;
				CLANG_WARN_OBJC_ROOT_CLASS = YES_ERROR;
				CLANG_WARN_RANGE_LOOP_ANALYSIS = YES;
				CLANG_WARN_STRICT_PROTOTYPES = YES;
				CLANG_WARN_SUSPICIOUS_MOVE = YES;
				CLANG_WARN_UNGUARDED_AVAILABILITY = YES_AGGRESSIVE;
				CLANG_WARN_UNREACHABLE_CODE = YES;
				CLANG_WARN__DUPLICATE_METHOD_MATCH = YES;
				COPY_PHASE_STRIP = NO;
				DEBUG_INFORMATION_FORMAT = dwarf;
				ENABLE_STRICT_OBJC_MSGSEND = YES;
				ENABLE_TESTABILITY = YES;
				GCC_C_LANGUAGE_STANDARD = gnu11;
				GCC_DYNAMIC_NO_PIC = NO;
				GCC_NO_COMMON_BLOCKS = YES;
				GCC_OPTIMIZATION_LEVEL = 0;
				GCC_PREPROCESSOR_DEFINITIONS = (
					"DEBUG=1",
					"$(inherited)",
				);
				GCC_WARN_64_TO_32_BIT_CONVERSION = YES;
				GCC_WARN_ABOUT_RETURN_TYPE = YES_ERROR;
				GCC_WARN_UNDECLARED_SELECTOR = YES;
				GCC_WARN_UNINITIALIZED_AUTOS = YES_AGGRESSIVE;
				GCC_WARN_UNUSED_FUNCTION = YES;
				GCC_WARN_UNUSED_VARIABLE = YES;
				IPHONEOS_DEPLOYMENT_TARGET = 13.5;
				MTL_ENABLE_DEBUG_INFO = INCLUDE_SOURCE;
				MTL_FAST_MATH = YES;
				ONLY_ACTIVE_ARCH = YES;
				SDKROOT = iphoneos;
				SWIFT_ACTIVE_COMPILATION_CONDITIONS = DEBUG;
				SWIFT_OPTIMIZATION_LEVEL = "-Onone";
			};
			name = Debug;
		};
		C51403B724A25CFE000F4A0E /* Release */ = {
			isa = XCBuildConfiguration;
			buildSettings = {
				ALWAYS_SEARCH_USER_PATHS = NO;
				CLANG_ANALYZER_NONNULL = YES;
				CLANG_ANALYZER_NUMBER_OBJECT_CONVERSION = YES_AGGRESSIVE;
				CLANG_CXX_LANGUAGE_STANDARD = "gnu++14";
				CLANG_CXX_LIBRARY = "libc++";
				CLANG_ENABLE_MODULES = YES;
				CLANG_ENABLE_OBJC_ARC = YES;
				CLANG_ENABLE_OBJC_WEAK = YES;
				CLANG_WARN_BLOCK_CAPTURE_AUTORELEASING = YES;
				CLANG_WARN_BOOL_CONVERSION = YES;
				CLANG_WARN_COMMA = YES;
				CLANG_WARN_CONSTANT_CONVERSION = YES;
				CLANG_WARN_DEPRECATED_OBJC_IMPLEMENTATIONS = YES;
				CLANG_WARN_DIRECT_OBJC_ISA_USAGE = YES_ERROR;
				CLANG_WARN_DOCUMENTATION_COMMENTS = YES;
				CLANG_WARN_EMPTY_BODY = YES;
				CLANG_WARN_ENUM_CONVERSION = YES;
				CLANG_WARN_INFINITE_RECURSION = YES;
				CLANG_WARN_INT_CONVERSION = YES;
				CLANG_WARN_NON_LITERAL_NULL_CONVERSION = YES;
				CLANG_WARN_OBJC_IMPLICIT_RETAIN_SELF = YES;
				CLANG_WARN_OBJC_LITERAL_CONVERSION = YES;
				CLANG_WARN_OBJC_ROOT_CLASS = YES_ERROR;
				CLANG_WARN_RANGE_LOOP_ANALYSIS = YES;
				CLANG_WARN_STRICT_PROTOTYPES = YES;
				CLANG_WARN_SUSPICIOUS_MOVE = YES;
				CLANG_WARN_UNGUARDED_AVAILABILITY = YES_AGGRESSIVE;
				CLANG_WARN_UNREACHABLE_CODE = YES;
				CLANG_WARN__DUPLICATE_METHOD_MATCH = YES;
				COPY_PHASE_STRIP = NO;
				DEBUG_INFORMATION_FORMAT = "dwarf-with-dsym";
				ENABLE_NS_ASSERTIONS = NO;
				ENABLE_STRICT_OBJC_MSGSEND = YES;
				GCC_C_LANGUAGE_STANDARD = gnu11;
				GCC_NO_COMMON_BLOCKS = YES;
				GCC_WARN_64_TO_32_BIT_CONVERSION = YES;
				GCC_WARN_ABOUT_RETURN_TYPE = YES_ERROR;
				GCC_WARN_UNDECLARED_SELECTOR = YES;
				GCC_WARN_UNINITIALIZED_AUTOS = YES_AGGRESSIVE;
				GCC_WARN_UNUSED_FUNCTION = YES;
				GCC_WARN_UNUSED_VARIABLE = YES;
				IPHONEOS_DEPLOYMENT_TARGET = 13.5;
				MTL_ENABLE_DEBUG_INFO = NO;
				MTL_FAST_MATH = YES;
				SDKROOT = iphoneos;
				SWIFT_COMPILATION_MODE = wholemodule;
				SWIFT_OPTIMIZATION_LEVEL = "-O";
				VALIDATE_PRODUCT = YES;
			};
			name = Release;
		};
		C51403B924A25CFE000F4A0E /* Debug */ = {
			isa = XCBuildConfiguration;
			buildSettings = {
				ASSETCATALOG_COMPILER_APPICON_NAME = AppIcon;
				CODE_SIGN_STYLE = Automatic;
				DEVELOPMENT_TEAM = 97NH7NW892;
				INFOPLIST_FILE = LSAssesment/Info.plist;
				IPHONEOS_DEPLOYMENT_TARGET = 11.0;
				LD_RUNPATH_SEARCH_PATHS = (
					"$(inherited)",
					"@executable_path/Frameworks",
				);
				PRODUCT_BUNDLE_IDENTIFIER = com.m.j.LSAssesment;
				PRODUCT_NAME = "$(TARGET_NAME)";
				SWIFT_VERSION = 5.0;
				TARGETED_DEVICE_FAMILY = "1,2";
			};
			name = Debug;
		};
		C51403BA24A25CFE000F4A0E /* Release */ = {
			isa = XCBuildConfiguration;
			buildSettings = {
				ASSETCATALOG_COMPILER_APPICON_NAME = AppIcon;
				CODE_SIGN_STYLE = Automatic;
				DEVELOPMENT_TEAM = 97NH7NW892;
				INFOPLIST_FILE = LSAssesment/Info.plist;
				IPHONEOS_DEPLOYMENT_TARGET = 11.0;
				LD_RUNPATH_SEARCH_PATHS = (
					"$(inherited)",
					"@executable_path/Frameworks",
				);
				PRODUCT_BUNDLE_IDENTIFIER = com.m.j.LSAssesment;
				PRODUCT_NAME = "$(TARGET_NAME)";
				SWIFT_VERSION = 5.0;
				TARGETED_DEVICE_FAMILY = "1,2";
			};
			name = Release;
		};
		C51403BC24A25CFE000F4A0E /* Debug */ = {
			isa = XCBuildConfiguration;
			buildSettings = {
				ALWAYS_EMBED_SWIFT_STANDARD_LIBRARIES = YES;
				BUNDLE_LOADER = "$(TEST_HOST)";
				CODE_SIGN_STYLE = Automatic;
				DEVELOPMENT_TEAM = 97NH7NW892;
				INFOPLIST_FILE = LSAssesmentTests/Info.plist;
				IPHONEOS_DEPLOYMENT_TARGET = 13.5;
				LD_RUNPATH_SEARCH_PATHS = (
					"$(inherited)",
					"@executable_path/Frameworks",
					"@loader_path/Frameworks",
				);
				PRODUCT_BUNDLE_IDENTIFIER = com.m.j.LSAssesmentTests;
				PRODUCT_NAME = "$(TARGET_NAME)";
				SWIFT_VERSION = 5.0;
				TARGETED_DEVICE_FAMILY = "1,2";
				TEST_HOST = "$(BUILT_PRODUCTS_DIR)/LSAssesment.app/LSAssesment";
			};
			name = Debug;
		};
		C51403BD24A25CFE000F4A0E /* Release */ = {
			isa = XCBuildConfiguration;
			buildSettings = {
				ALWAYS_EMBED_SWIFT_STANDARD_LIBRARIES = YES;
				BUNDLE_LOADER = "$(TEST_HOST)";
				CODE_SIGN_STYLE = Automatic;
				DEVELOPMENT_TEAM = 97NH7NW892;
				INFOPLIST_FILE = LSAssesmentTests/Info.plist;
				IPHONEOS_DEPLOYMENT_TARGET = 13.5;
				LD_RUNPATH_SEARCH_PATHS = (
					"$(inherited)",
					"@executable_path/Frameworks",
					"@loader_path/Frameworks",
				);
				PRODUCT_BUNDLE_IDENTIFIER = com.m.j.LSAssesmentTests;
				PRODUCT_NAME = "$(TARGET_NAME)";
				SWIFT_VERSION = 5.0;
				TARGETED_DEVICE_FAMILY = "1,2";
				TEST_HOST = "$(BUILT_PRODUCTS_DIR)/LSAssesment.app/LSAssesment";
			};
			name = Release;
		};
/* End XCBuildConfiguration section */

/* Begin XCConfigurationList section */
		C514039424A25CFC000F4A0E /* Build configuration list for PBXProject "LSAssesment" */ = {
			isa = XCConfigurationList;
			buildConfigurations = (
				C51403B624A25CFE000F4A0E /* Debug */,
				C51403B724A25CFE000F4A0E /* Release */,
			);
			defaultConfigurationIsVisible = 0;
			defaultConfigurationName = Release;
		};
		C51403B824A25CFE000F4A0E /* Build configuration list for PBXNativeTarget "LSAssesment" */ = {
			isa = XCConfigurationList;
			buildConfigurations = (
				C51403B924A25CFE000F4A0E /* Debug */,
				C51403BA24A25CFE000F4A0E /* Release */,
			);
			defaultConfigurationIsVisible = 0;
			defaultConfigurationName = Release;
		};
		C51403BB24A25CFE000F4A0E /* Build configuration list for PBXNativeTarget "LSAssesmentTests" */ = {
			isa = XCConfigurationList;
			buildConfigurations = (
				C51403BC24A25CFE000F4A0E /* Debug */,
				C51403BD24A25CFE000F4A0E /* Release */,
			);
			defaultConfigurationIsVisible = 0;
			defaultConfigurationName = Release;
		};
/* End XCConfigurationList section */
	};
	rootObject = C514039124A25CFC000F4A0E /* Project object */;
}
